{
  "requires": true,
  "lockfileVersion": 1,
  "dependencies": {
    "angular": {
      "version": "1.6.10",
      "resolved": "https://registry.npmjs.org/angular/-/angular-1.6.10.tgz",
      "integrity": "sha512-PCZ5/hVdvPQiYyH0VwsPjrErPHRcITnaXxhksceOXgtJeesKHLA7KDu4X/yvcAi+1zdGgGF+9pDxkJvghXI9Wg=="
    },
    "angular-elastic": {
      "version": "2.5.1",
      "resolved": "https://registry.npmjs.org/angular-elastic/-/angular-elastic-2.5.1.tgz",
      "integrity": "sha1-6TirG9jHZBW4ymUUsV/jWTpd9TU=",
      "requires": {
        "angular": "1.6.10"
      }
    }
  }
}
